
Microsoft Visual Studio Solution File, Format Version 12.00
Project("{FAE04EC0-301F-11D3-BF4B-00C04F79EFBC}") = "Reports", "Reports\Reports.csproj", "{483998E1-A11D-479E-9644-539FF4F5BECC}"
EndProject
Project("{2150E333-8FDC-42A3-9474-1A3956D46DE8}") = "src", "src", "{5B2BE757-1E24-4BBA-90C9-99BA76ADF58B}"
	ProjectSection(SolutionItems) = preProject
		Directory.Build.props = Directory.Build.props
		Directory.Packages.props = Directory.Packages.props
	EndProjectSection
EndProject
Project("{FAE04EC0-301F-11D3-BF4B-00C04F79EFBC}") = "Reports.SharedKernel", "Reports.SharedKernel\Reports.SharedKernel.csproj", "{42C4CBBB-ED4B-47D0-AA4E-0114EE34CD83}"
EndProject
Project("{2150E333-8FDC-42A3-9474-1A3956D46DE8}") = "infrastructure", "infrastructure", "{9DEC619B-0276-4FF7-8B42-5420D9DE7A2B}"
EndProject
Project("{FAE04EC0-301F-11D3-BF4B-00C04F79EFBC}") = "Reports.Data.PostgreSql", "Reports.Data.PostgreSql\Reports.Data.PostgreSql.csproj", "{E569A08A-28FA-4FFB-9581-898E7293D13E}"
EndProject
Project("{FAE04EC0-301F-11D3-BF4B-00C04F79EFBC}") = "Reports.Cache.Redis", "Reports.Cache.Redis\Reports.Cache.Redis.csproj", "{4921CE38-85A9-41A2-A26D-59CCB849C7EE}"
EndProject
Project("{FAE04EC0-301F-11D3-BF4B-00C04F79EFBC}") = "Reports.Data.Minio", "Reports.Data.Minio\Reports.Data.Minio.csproj", "{1261F142-14FB-494E-ADFE-D09D3F191ECB}"
EndProject
Project("{FAE04EC0-301F-11D3-BF4B-00C04F79EFBC}") = "Reports.MessageBroker.RabbitMq", "Reports.MessageBroker.RabbitMq\Reports.MessageBroker.RabbitMq.csproj", "{D1DD6317-AED7-47D8-B589-E1D7934A1E08}"
EndProject
Project("{FAE04EC0-301F-11D3-BF4B-00C04F79EFBC}") = "Reports.Contracts", "Reports.Contracts\Reports.Contracts.csproj", "{DCFFBE25-B0F2-47C7-9EF2-CEB8B4B93227}"
EndProject
Project("{FAE04EC0-301F-11D3-BF4B-00C04F79EFBC}") = "Reports.Controllers", "Reports.Controllers\Reports.Controllers.csproj", "{C24ED051-76C5-46B6-BCBC-45DF8BFB4A56}"
EndProject
Project("{FAE04EC0-301F-11D3-BF4B-00C04F79EFBC}") = "Reports.Web", "Reports.Web\Reports.Web.csproj", "{A737CC29-46DF-41B3-8E49-479A8D273F12}"
EndProject
Project("{2150E333-8FDC-42A3-9474-1A3956D46DE8}") = "utils", "utils", "{0EA351EA-1119-41DF-B231-D6FF75081A10}"
EndProject
Project("{FAE04EC0-301F-11D3-BF4B-00C04F79EFBC}") = "Reports.Data.PostgreSql.Migrator", "Reports.Data.PostgreSql.Migrator\Reports.Data.PostgreSql.Migrator.csproj", "{B78AF76C-47CA-4A60-8D5D-E4FDB7482455}"
EndProject
Project("{2150E333-8FDC-42A3-9474-1A3956D46DE8}") = "tests", "tests", "{899E0DC7-0CEF-4B17-92F0-C10E7A02BDBE}"
EndProject
Project("{FAE04EC0-301F-11D3-BF4B-00C04F79EFBC}") = "Reports.Cache.Redis.UnitTests", "Reports.Cache.Redis.UnitTests\Reports.Cache.Redis.UnitTests.csproj", "{70F9478A-8869-43EF-83B5-96E531717A38}"
EndProject
Project("{FAE04EC0-301F-11D3-BF4B-00C04F79EFBC}") = "Reports.Data.Minio.UnitTests", "Reports.Data.Minio.UnitTests\Reports.Data.Minio.UnitTests.csproj", "{DA054537-061B-4BE7-9AA9-7FFE9E73D294}"
EndProject
Project("{FAE04EC0-301F-11D3-BF4B-00C04F79EFBC}") = "Reports.Data.PostgreSql.UnitTests", "Reports.Data.PostgreSql.UnitTests\Reports.Data.PostgreSql.UnitTests.csproj", "{3F46F7BA-CD03-4F9F-A139-31D923C4F08A}"
EndProject
Project("{FAE04EC0-301F-11D3-BF4B-00C04F79EFBC}") = "Reports.UnitTests", "Reports.UnitTests\Reports.UnitTests.csproj", "{92F1F137-6654-4CB4-AE73-6FC2E9EEA786}"
EndProject
Global
	GlobalSection(SolutionConfigurationPlatforms) = preSolution
		Debug|Any CPU = Debug|Any CPU
		Release|Any CPU = Release|Any CPU
	EndGlobalSection
	GlobalSection(ProjectConfigurationPlatforms) = postSolution
		{483998E1-A11D-479E-9644-539FF4F5BECC}.Debug|Any CPU.ActiveCfg = Debug|Any CPU
		{483998E1-A11D-479E-9644-539FF4F5BECC}.Debug|Any CPU.Build.0 = Debug|Any CPU
		{483998E1-A11D-479E-9644-539FF4F5BECC}.Release|Any CPU.ActiveCfg = Release|Any CPU
		{483998E1-A11D-479E-9644-539FF4F5BECC}.Release|Any CPU.Build.0 = Release|Any CPU
		{42C4CBBB-ED4B-47D0-AA4E-0114EE34CD83}.Debug|Any CPU.ActiveCfg = Debug|Any CPU
		{42C4CBBB-ED4B-47D0-AA4E-0114EE34CD83}.Debug|Any CPU.Build.0 = Debug|Any CPU
		{42C4CBBB-ED4B-47D0-AA4E-0114EE34CD83}.Release|Any CPU.ActiveCfg = Release|Any CPU
		{42C4CBBB-ED4B-47D0-AA4E-0114EE34CD83}.Release|Any CPU.Build.0 = Release|Any CPU
		{E569A08A-28FA-4FFB-9581-898E7293D13E}.Debug|Any CPU.ActiveCfg = Debug|Any CPU
		{E569A08A-28FA-4FFB-9581-898E7293D13E}.Debug|Any CPU.Build.0 = Debug|Any CPU
		{E569A08A-28FA-4FFB-9581-898E7293D13E}.Release|Any CPU.ActiveCfg = Release|Any CPU
		{E569A08A-28FA-4FFB-9581-898E7293D13E}.Release|Any CPU.Build.0 = Release|Any CPU
		{4921CE38-85A9-41A2-A26D-59CCB849C7EE}.Debug|Any CPU.ActiveCfg = Debug|Any CPU
		{4921CE38-85A9-41A2-A26D-59CCB849C7EE}.Debug|Any CPU.Build.0 = Debug|Any CPU
		{4921CE38-85A9-41A2-A26D-59CCB849C7EE}.Release|Any CPU.ActiveCfg = Release|Any CPU
		{4921CE38-85A9-41A2-A26D-59CCB849C7EE}.Release|Any CPU.Build.0 = Release|Any CPU
		{1261F142-14FB-494E-ADFE-D09D3F191ECB}.Debug|Any CPU.ActiveCfg = Debug|Any CPU
		{1261F142-14FB-494E-ADFE-D09D3F191ECB}.Debug|Any CPU.Build.0 = Debug|Any CPU
		{1261F142-14FB-494E-ADFE-D09D3F191ECB}.Release|Any CPU.ActiveCfg = Release|Any CPU
		{1261F142-14FB-494E-ADFE-D09D3F191ECB}.Release|Any CPU.Build.0 = Release|Any CPU
		{D1DD6317-AED7-47D8-B589-E1D7934A1E08}.Debug|Any CPU.ActiveCfg = Debug|Any CPU
		{D1DD6317-AED7-47D8-B589-E1D7934A1E08}.Debug|Any CPU.Build.0 = Debug|Any CPU
		{D1DD6317-AED7-47D8-B589-E1D7934A1E08}.Release|Any CPU.ActiveCfg = Release|Any CPU
		{D1DD6317-AED7-47D8-B589-E1D7934A1E08}.Release|Any CPU.Build.0 = Release|Any CPU
		{DCFFBE25-B0F2-47C7-9EF2-CEB8B4B93227}.Debug|Any CPU.ActiveCfg = Debug|Any CPU
		{DCFFBE25-B0F2-47C7-9EF2-CEB8B4B93227}.Debug|Any CPU.Build.0 = Debug|Any CPU
		{DCFFBE25-B0F2-47C7-9EF2-CEB8B4B93227}.Release|Any CPU.ActiveCfg = Release|Any CPU
		{DCFFBE25-B0F2-47C7-9EF2-CEB8B4B93227}.Release|Any CPU.Build.0 = Release|Any CPU
		{C24ED051-76C5-46B6-BCBC-45DF8BFB4A56}.Debug|Any CPU.ActiveCfg = Debug|Any CPU
		{C24ED051-76C5-46B6-BCBC-45DF8BFB4A56}.Debug|Any CPU.Build.0 = Debug|Any CPU
		{C24ED051-76C5-46B6-BCBC-45DF8BFB4A56}.Release|Any CPU.ActiveCfg = Release|Any CPU
		{C24ED051-76C5-46B6-BCBC-45DF8BFB4A56}.Release|Any CPU.Build.0 = Release|Any CPU
		{A737CC29-46DF-41B3-8E49-479A8D273F12}.Debug|Any CPU.ActiveCfg = Debug|Any CPU
		{A737CC29-46DF-41B3-8E49-479A8D273F12}.Debug|Any CPU.Build.0 = Debug|Any CPU
		{A737CC29-46DF-41B3-8E49-479A8D273F12}.Release|Any CPU.ActiveCfg = Release|Any CPU
		{A737CC29-46DF-41B3-8E49-479A8D273F12}.Release|Any CPU.Build.0 = Release|Any CPU
		{B78AF76C-47CA-4A60-8D5D-E4FDB7482455}.Debug|Any CPU.ActiveCfg = Debug|Any CPU
		{B78AF76C-47CA-4A60-8D5D-E4FDB7482455}.Debug|Any CPU.Build.0 = Debug|Any CPU
		{B78AF76C-47CA-4A60-8D5D-E4FDB7482455}.Release|Any CPU.ActiveCfg = Release|Any CPU
		{B78AF76C-47CA-4A60-8D5D-E4FDB7482455}.Release|Any CPU.Build.0 = Release|Any CPU
		{70F9478A-8869-43EF-83B5-96E531717A38}.Debug|Any CPU.ActiveCfg = Debug|Any CPU
		{70F9478A-8869-43EF-83B5-96E531717A38}.Debug|Any CPU.Build.0 = Debug|Any CPU
		{70F9478A-8869-43EF-83B5-96E531717A38}.Release|Any CPU.ActiveCfg = Release|Any CPU
		{70F9478A-8869-43EF-83B5-96E531717A38}.Release|Any CPU.Build.0 = Release|Any CPU
		{DA054537-061B-4BE7-9AA9-7FFE9E73D294}.Debug|Any CPU.ActiveCfg = Debug|Any CPU
		{DA054537-061B-4BE7-9AA9-7FFE9E73D294}.Debug|Any CPU.Build.0 = Debug|Any CPU
		{DA054537-061B-4BE7-9AA9-7FFE9E73D294}.Release|Any CPU.ActiveCfg = Release|Any CPU
		{DA054537-061B-4BE7-9AA9-7FFE9E73D294}.Release|Any CPU.Build.0 = Release|Any CPU
		{3F46F7BA-CD03-4F9F-A139-31D923C4F08A}.Debug|Any CPU.ActiveCfg = Debug|Any CPU
		{3F46F7BA-CD03-4F9F-A139-31D923C4F08A}.Debug|Any CPU.Build.0 = Debug|Any CPU
		{3F46F7BA-CD03-4F9F-A139-31D923C4F08A}.Release|Any CPU.ActiveCfg = Release|Any CPU
		{3F46F7BA-CD03-4F9F-A139-31D923C4F08A}.Release|Any CPU.Build.0 = Release|Any CPU
		{92F1F137-6654-4CB4-AE73-6FC2E9EEA786}.Debug|Any CPU.ActiveCfg = Debug|Any CPU
		{92F1F137-6654-4CB4-AE73-6FC2E9EEA786}.Debug|Any CPU.Build.0 = Debug|Any CPU
		{92F1F137-6654-4CB4-AE73-6FC2E9EEA786}.Release|Any CPU.ActiveCfg = Release|Any CPU
		{92F1F137-6654-4CB4-AE73-6FC2E9EEA786}.Release|Any CPU.Build.0 = Release|Any CPU
	EndGlobalSection
	GlobalSection(NestedProjects) = preSolution
		{483998E1-A11D-479E-9644-539FF4F5BECC} = {5B2BE757-1E24-4BBA-90C9-99BA76ADF58B}
		{42C4CBBB-ED4B-47D0-AA4E-0114EE34CD83} = {5B2BE757-1E24-4BBA-90C9-99BA76ADF58B}
		{9DEC619B-0276-4FF7-8B42-5420D9DE7A2B} = {5B2BE757-1E24-4BBA-90C9-99BA76ADF58B}
		{E569A08A-28FA-4FFB-9581-898E7293D13E} = {9DEC619B-0276-4FF7-8B42-5420D9DE7A2B}
		{4921CE38-85A9-41A2-A26D-59CCB849C7EE} = {9DEC619B-0276-4FF7-8B42-5420D9DE7A2B}
		{1261F142-14FB-494E-ADFE-D09D3F191ECB} = {9DEC619B-0276-4FF7-8B42-5420D9DE7A2B}
		{D1DD6317-AED7-47D8-B589-E1D7934A1E08} = {9DEC619B-0276-4FF7-8B42-5420D9DE7A2B}
		{DCFFBE25-B0F2-47C7-9EF2-CEB8B4B93227} = {5B2BE757-1E24-4BBA-90C9-99BA76ADF58B}
		{C24ED051-76C5-46B6-BCBC-45DF8BFB4A56} = {5B2BE757-1E24-4BBA-90C9-99BA76ADF58B}
		{A737CC29-46DF-41B3-8E49-479A8D273F12} = {5B2BE757-1E24-4BBA-90C9-99BA76ADF58B}
		{B78AF76C-47CA-4A60-8D5D-E4FDB7482455} = {0EA351EA-1119-41DF-B231-D6FF75081A10}
		{70F9478A-8869-43EF-83B5-96E531717A38} = {899E0DC7-0CEF-4B17-92F0-C10E7A02BDBE}
		{DA054537-061B-4BE7-9AA9-7FFE9E73D294} = {899E0DC7-0CEF-4B17-92F0-C10E7A02BDBE}
		{3F46F7BA-CD03-4F9F-A139-31D923C4F08A} = {899E0DC7-0CEF-4B17-92F0-C10E7A02BDBE}
		{92F1F137-6654-4CB4-AE73-6FC2E9EEA786} = {899E0DC7-0CEF-4B17-92F0-C10E7A02BDBE}
	EndGlobalSection
EndGlobal
